
Microsoft Visual Studio Solution File, Format Version 11.00
# Visual Studio 2010
Project("{FAE04EC0-301F-11D3-BF4B-00C04F79EFBC}") = "frmBlocNotas", "frmBlocNotas\frmBlocNotas.csproj", "{F54CB1E1-FB4E-4278-AA0A-51C9D577FFAF}"
EndProject
Global
	GlobalSection(SolutionConfigurationPlatforms) = preSolution
		Debug|x86 = Debug|x86
		Release|x86 = Release|x86
	EndGlobalSection
	GlobalSection(ProjectConfigurationPlatforms) = postSolution
		{F54CB1E1-FB4E-4278-AA0A-51C9D577FFAF}.Debug|x86.ActiveCfg = Debug|x86
		{F54CB1E1-FB4E-4278-AA0A-51C9D577FFAF}.Debug|x86.Build.0 = Debug|x86
		{F54CB1E1-FB4E-4278-AA0A-51C9D577FFAF}.Release|x86.ActiveCfg = Release|x86
		{F54CB1E1-FB4E-4278-AA0A-51C9D577FFAF}.Release|x86.Build.0 = Release|x86
	EndGlobalSection
	GlobalSection(SolutionProperties) = preSolution
		HideSolutionNode = FALSE
	EndGlobalSection
EndGlobal
